
Microsoft Visual Studio Solution File, Format Version 12.00
# Visual Studio Version 16
VisualStudioVersion = 16.0.29911.84
MinimumVisualStudioVersion = 10.0.40219.1
Project("{9A19103F-16F7-4668-BE54-9A1E7A4F7556}") = "c++++", "c++++\c++++.csproj", "{FF33E633-2AAA-49FD-B8BC-BA6D3420595A}"
EndProject
Project("{FAE04EC0-301F-11D3-BF4B-00C04F79EFBC}") = "C1", "C1\C1.csproj", "{4BED7891-E093-4065-B85A-C277E599C969}"
EndProject
Global
	GlobalSection(SolutionConfigurationPlatforms) = preSolution
		Debug|Any CPU = Debug|Any CPU
		Release|Any CPU = Release|Any CPU
	EndGlobalSection
	GlobalSection(ProjectConfigurationPlatforms) = postSolution
		{FF33E633-2AAA-49FD-B8BC-BA6D3420595A}.Debug|Any CPU.ActiveCfg = Debug|Any CPU
		{FF33E633-2AAA-49FD-B8BC-BA6D3420595A}.Debug|Any CPU.Build.0 = Debug|Any CPU
		{FF33E633-2AAA-49FD-B8BC-BA6D3420595A}.Release|Any CPU.ActiveCfg = Release|Any CPU
		{FF33E633-2AAA-49FD-B8BC-BA6D3420595A}.Release|Any CPU.Build.0 = Release|Any CPU
		{4BED7891-E093-4065-B85A-C277E599C969}.Debug|Any CPU.ActiveCfg = Debug|Any CPU
		{4BED7891-E093-4065-B85A-C277E599C969}.Debug|Any CPU.Build.0 = Debug|Any CPU
		{4BED7891-E093-4065-B85A-C277E599C969}.Release|Any CPU.ActiveCfg = Release|Any CPU
		{4BED7891-E093-4065-B85A-C277E599C969}.Release|Any CPU.Build.0 = Release|Any CPU
	EndGlobalSection
	GlobalSection(SolutionProperties) = preSolution
		HideSolutionNode = FALSE
	EndGlobalSection
	GlobalSection(ExtensibilityGlobals) = postSolution
		SolutionGuid = {33168D4A-499A-44FC-9EF8-28A823AA541C}
	EndGlobalSection
EndGlobal
